
Microsoft Visual Studio Solution File, Format Version 12.00
# Visual Studio Version 17
VisualStudioVersion = 17.11.35222.181
MinimumVisualStudioVersion = 10.0.40219.1
Project("{8BC9CEB8-8B4A-11D0-8D11-00A0C91BC942}") = "twoprogressions", "twoprogressions\twoprogressions.vcxproj", "{7D4BD4BD-C724-4E54-8CB8-3C26A7BE6D45}"
EndProject
Global
	GlobalSection(SolutionConfigurationPlatforms) = preSolution
		Debug|x64 = Debug|x64
		Debug|x86 = Debug|x86
		Release|x64 = Release|x64
		Release|x86 = Release|x86
	EndGlobalSection
	GlobalSection(ProjectConfigurationPlatforms) = postSolution
		{7D4BD4BD-C724-4E54-8CB8-3C26A7BE6D45}.Debug|x64.ActiveCfg = Debug|x64
		{7D4BD4BD-C724-4E54-8CB8-3C26A7BE6D45}.Debug|x64.Build.0 = Debug|x64
		{7D4BD4BD-C724-4E54-8CB8-3C26A7BE6D45}.Debug|x86.ActiveCfg = Debug|Win32
		{7D4BD4BD-C724-4E54-8CB8-3C26A7BE6D45}.Debug|x86.Build.0 = Debug|Win32
		{7D4BD4BD-C724-4E54-8CB8-3C26A7BE6D45}.Release|x64.ActiveCfg = Release|x64
		{7D4BD4BD-C724-4E54-8CB8-3C26A7BE6D45}.Release|x64.Build.0 = Release|x64
		{7D4BD4BD-C724-4E54-8CB8-3C26A7BE6D45}.Release|x86.ActiveCfg = Release|Win32
		{7D4BD4BD-C724-4E54-8CB8-3C26A7BE6D45}.Release|x86.Build.0 = Release|Win32
	EndGlobalSection
	GlobalSection(SolutionProperties) = preSolution
		HideSolutionNode = FALSE
	EndGlobalSection
	GlobalSection(ExtensibilityGlobals) = postSolution
		SolutionGuid = {63975B79-3170-433B-B263-74EB2EB9126B}
	EndGlobalSection
EndGlobal
